Microsoft Visual Studio Solution File, Format Version 12.00
# Visual Studio Version 17
VisualStudioVersion = 17.5.2.0
MinimumVisualStudioVersion = 10.0.40219.1
Project("{FAE04EC0-301F-11D3-BF4B-00C04F79EFBC}") = "lab-9-maze-2-PrestonW22", "lab-9-maze-2-PrestonW22.csproj", "{8D6CD9E6-88FC-8BC2-AFD0-2B43F7B60045}"
EndProject
Global
	GlobalSection(SolutionConfigurationPlatforms) = preSolution
		Debug|Any CPU = Debug|Any CPU
		Release|Any CPU = Release|Any CPU
	EndGlobalSection
	GlobalSection(ProjectConfigurationPlatforms) = postSolution
		{8D6CD9E6-88FC-8BC2-AFD0-2B43F7B60045}.Debug|Any CPU.ActiveCfg = Debug|Any CPU
		{8D6CD9E6-88FC-8BC2-AFD0-2B43F7B60045}.Debug|Any CPU.Build.0 = Debug|Any CPU
		{8D6CD9E6-88FC-8BC2-AFD0-2B43F7B60045}.Release|Any CPU.ActiveCfg = Release|Any CPU
		{8D6CD9E6-88FC-8BC2-AFD0-2B43F7B60045}.Release|Any CPU.Build.0 = Release|Any CPU
	EndGlobalSection
	GlobalSection(SolutionProperties) = preSolution
		HideSolutionNode = FALSE
	EndGlobalSection
	GlobalSection(ExtensibilityGlobals) = postSolution
		SolutionGuid = {137BA390-51A4-4B92-9AF9-8AF5B180E423}
	EndGlobalSection
EndGlobal
